Microsoft Visual Studio Solution File, Format Version 12.00
# Visual Studio Version 17
VisualStudioVersion = 17.0.31611.283
MinimumVisualStudioVersion = 10.0.40219.1
Project("{9A19103F-16F7-4668-BE54-9A1E7A4F7556}") = "Huanlin.WebCrawler.Stock", "Huanlin.WebCrawler.Stock\Huanlin.WebCrawler.Stock.csproj", "{7DB7645E-9E0E-490D-8691-DDC3C6D35124}"
EndProject
Project("{9A19103F-16F7-4668-BE54-9A1E7A4F7556}") = "BlazingStockTrader.Server", "BlazingStockTrader.Server\BlazingStockTrader.Server.csproj", "{B1F412C0-5767-43EC-A6BC-C28AB52551BB}"
EndProject
Project("{FAE04EC0-301F-11D3-BF4B-00C04F79EFBC}") = "BlazingStockTrader.WebUI", "BlazingStockTrader.WebUI\BlazingStockTrader.WebUI.csproj", "{BEFD0573-4FEC-4A44-A5E4-4F3840B32928}"
EndProject
Project("{FAE04EC0-301F-11D3-BF4B-00C04F79EFBC}") = "BlazingStockTrader.App", "BlazingStockTrader.App\BlazingStockTrader.App.csproj", "{4776886E-7CE2-4D34-A377-9C1735312F03}"
EndProject
Global
	GlobalSection(SolutionConfigurationPlatforms) = preSolution
		Debug|Any CPU = Debug|Any CPU
		Release|Any CPU = Release|Any CPU
	EndGlobalSection
	GlobalSection(ProjectConfigurationPlatforms) = postSolution
		{7DB7645E-9E0E-490D-8691-DDC3C6D35124}.Debug|Any CPU.ActiveCfg = Debug|Any CPU
		{7DB7645E-9E0E-490D-8691-DDC3C6D35124}.Debug|Any CPU.Build.0 = Debug|Any CPU
		{7DB7645E-9E0E-490D-8691-DDC3C6D35124}.Release|Any CPU.ActiveCfg = Release|Any CPU
		{7DB7645E-9E0E-490D-8691-DDC3C6D35124}.Release|Any CPU.Build.0 = Release|Any CPU
		{B1F412C0-5767-43EC-A6BC-C28AB52551BB}.Debug|Any CPU.ActiveCfg = Debug|Any CPU
		{B1F412C0-5767-43EC-A6BC-C28AB52551BB}.Debug|Any CPU.Build.0 = Debug|Any CPU
		{B1F412C0-5767-43EC-A6BC-C28AB52551BB}.Release|Any CPU.ActiveCfg = Release|Any CPU
		{B1F412C0-5767-43EC-A6BC-C28AB52551BB}.Release|Any CPU.Build.0 = Release|Any CPU
		{BEFD0573-4FEC-4A44-A5E4-4F3840B32928}.Debug|Any CPU.ActiveCfg = Debug|Any CPU
		{BEFD0573-4FEC-4A44-A5E4-4F3840B32928}.Debug|Any CPU.Build.0 = Debug|Any CPU
		{BEFD0573-4FEC-4A44-A5E4-4F3840B32928}.Release|Any CPU.ActiveCfg = Release|Any CPU
		{BEFD0573-4FEC-4A44-A5E4-4F3840B32928}.Release|Any CPU.Build.0 = Release|Any CPU
		{4776886E-7CE2-4D34-A377-9C1735312F03}.Debug|Any CPU.ActiveCfg = Debug|Any CPU
		{4776886E-7CE2-4D34-A377-9C1735312F03}.Debug|Any CPU.Build.0 = Debug|Any CPU
		{4776886E-7CE2-4D34-A377-9C1735312F03}.Debug|Any CPU.Deploy.0 = Debug|Any CPU
		{4776886E-7CE2-4D34-A377-9C1735312F03}.Release|Any CPU.ActiveCfg = Release|Any CPU
		{4776886E-7CE2-4D34-A377-9C1735312F03}.Release|Any CPU.Build.0 = Release|Any CPU
		{4776886E-7CE2-4D34-A377-9C1735312F03}.Release|Any CPU.Deploy.0 = Release|Any CPU
	EndGlobalSection
	GlobalSection(SolutionProperties) = preSolution
		HideSolutionNode = FALSE
	EndGlobalSection
	GlobalSection(ExtensibilityGlobals) = postSolution
		        SolutionGuid = {61F7FB11-1E47-470C-91E2-47F8143E1572}
		SolutionGuid = {59182689-5312-484A-973B-929AF4024CA0}
	EndGlobalSection
EndGlobal
